
Microsoft Visual Studio Solution File, Format Version 12.00
# Visual Studio 2012
Project("{FAE04EC0-301F-11D3-BF4B-00C04F79EFBC}") = "WebApi", "WebApi\WebApi.csproj", "{39509088-B173-4A58-ABD3-F7DEC9C2E295}"
EndProject
Project("{FAE04EC0-301F-11D3-BF4B-00C04F79EFBC}") = "WebApi.Tests", "WebApi.Tests\WebApi.Tests.csproj", "{3CA78EE2-912D-426F-8384-24DB2729BBC9}"
EndProject
Global
	GlobalSection(SolutionConfigurationPlatforms) = preSolution
		Debug|Any CPU = Debug|Any CPU
		Release|Any CPU = Release|Any CPU
	EndGlobalSection
	GlobalSection(ProjectConfigurationPlatforms) = postSolution
		{39509088-B173-4A58-ABD3-F7DEC9C2E295}.Debug|Any CPU.ActiveCfg = Debug|Any CPU
		{39509088-B173-4A58-ABD3-F7DEC9C2E295}.Debug|Any CPU.Build.0 = Debug|Any CPU
		{39509088-B173-4A58-ABD3-F7DEC9C2E295}.Release|Any CPU.ActiveCfg = Release|Any CPU
		{39509088-B173-4A58-ABD3-F7DEC9C2E295}.Release|Any CPU.Build.0 = Release|Any CPU
		{3CA78EE2-912D-426F-8384-24DB2729BBC9}.Debug|Any CPU.ActiveCfg = Debug|Any CPU
		{3CA78EE2-912D-426F-8384-24DB2729BBC9}.Debug|Any CPU.Build.0 = Debug|Any CPU
		{3CA78EE2-912D-426F-8384-24DB2729BBC9}.Release|Any CPU.ActiveCfg = Release|Any CPU
		{3CA78EE2-912D-426F-8384-24DB2729BBC9}.Release|Any CPU.Build.0 = Release|Any CPU
	EndGlobalSection
EndGlobal
